# THIS IS AN AUTOGENERATED FILE. DO NOT EDIT THIS FILE DIRECTLY.
# yarn lockfile v1


"@trpc/client@^10.16.0":
  version "10.16.0"
  resolved "https://webexci2.cisco.com:8443/repository/npm-group/@trpc/client/-/client-10.16.0.tgz#665fc51f849808090ed21b3467190b0d1e7089d9"
  integrity sha512-Hxxi3mOcUyszosj6xpPDIIBV1TOhXKpZ191BW/60r1lXBAfNrDUWHOTol1Dfu+hpcx4bpj3WRyob5cf+6KeCDA==

"@trpc/server@^10.16.0":
  version "10.16.0"
  resolved "https://webexci2.cisco.com:8443/repository/npm-group/@trpc/server/-/server-10.16.0.tgz#eda8f443852c6fb3791294ac936e49659346b221"
  integrity sha512-lCUq7AB7vcgrNbaN+xP/AN62OjKDgrRyG7fTDPv5K633ut7KJ3m57qs60VRBOgp9vow6elAg51pKFFDtPHbTRA==

zod@^3.21.4:
  version "3.21.4"
  resolved "https://webexci2.cisco.com:8443/repository/npm-group/zod/-/zod-3.21.4.tgz#10882231d992519f0a10b5dd58a38c9dabbb64db"
  integrity sha512-m46AKbrzKVzOzs/DZgVnG5H55N1sv1M8qZU3A8RIKbs3mrACDNeIOeilDymVb2HdmP8uwshOCF4uJ8uM9rCqJw==
