# THIS IS AN AUTOGENERATED FILE. DO NOT EDIT THIS FILE DIRECTLY.
# yarn lockfile v1


"@trpc/server@^10.16.0":
  version "10.16.0"
  resolved "https://webexci2.cisco.com:8443/repository/npm-group/@trpc/server/-/server-10.16.0.tgz#eda8f443852c6fb3791294ac936e49659346b221"
  integrity sha512-lCUq7AB7vcgrNbaN+xP/AN62OjKDgrRyG7fTDPv5K633ut7KJ3m57qs60VRBOgp9vow6elAg51pKFFDtPHbTRA==
